
Microsoft Visual Studio Solution File, Format Version 12.00
# Visual Studio Version 16
VisualStudioVersion = 16.0.31702.278
MinimumVisualStudioVersion = 10.0.40219.1
Project("{FAE04EC0-301F-11D3-BF4B-00C04F79EFBC}") = "zadanie", "zadanie\zadanie.csproj", "{D637D768-2722-4808-8E48-D6AFDD221F81}"
EndProject
Global
	GlobalSection(SolutionConfigurationPlatforms) = preSolution
		Debug|Any CPU = Debug|Any CPU
		Release|Any CPU = Release|Any CPU
	EndGlobalSection
	GlobalSection(ProjectConfigurationPlatforms) = postSolution
		{D637D768-2722-4808-8E48-D6AFDD221F81}.Debug|Any CPU.ActiveCfg = Debug|Any CPU
		{D637D768-2722-4808-8E48-D6AFDD221F81}.Debug|Any CPU.Build.0 = Debug|Any CPU
		{D637D768-2722-4808-8E48-D6AFDD221F81}.Release|Any CPU.ActiveCfg = Release|Any CPU
		{D637D768-2722-4808-8E48-D6AFDD221F81}.Release|Any CPU.Build.0 = Release|Any CPU
	EndGlobalSection
	GlobalSection(SolutionProperties) = preSolution
		HideSolutionNode = FALSE
	EndGlobalSection
	GlobalSection(ExtensibilityGlobals) = postSolution
		SolutionGuid = {A2A7AAE4-CE3A-421F-8668-A2DE4DF28DC6}
	EndGlobalSection
EndGlobal
